
Microsoft Visual Studio Solution File, Format Version 12.00
# Visual Studio Version 17
VisualStudioVersion = 17.4.33213.308
MinimumVisualStudioVersion = 10.0.40219.1
Project("{9A19103F-16F7-4668-BE54-9A1E7A4F7556}") = "StudentRegWebApi", "StudentRegWebApi.csproj", "{BDC6AA00-C870-408C-9015-4418057647C2}"
EndProject
Global
	GlobalSection(SolutionConfigurationPlatforms) = preSolution
		Debug|Any CPU = Debug|Any CPU
		Release|Any CPU = Release|Any CPU
	EndGlobalSection
	GlobalSection(ProjectConfigurationPlatforms) = postSolution
		{BDC6AA00-C870-408C-9015-4418057647C2}.Debug|Any CPU.ActiveCfg = Debug|Any CPU
		{BDC6AA00-C870-408C-9015-4418057647C2}.Debug|Any CPU.Build.0 = Debug|Any CPU
		{BDC6AA00-C870-408C-9015-4418057647C2}.Release|Any CPU.ActiveCfg = Release|Any CPU
		{BDC6AA00-C870-408C-9015-4418057647C2}.Release|Any CPU.Build.0 = Release|Any CPU
	EndGlobalSection
	GlobalSection(SolutionProperties) = preSolution
		HideSolutionNode = FALSE
	EndGlobalSection
	GlobalSection(ExtensibilityGlobals) = postSolution
		SolutionGuid = {1BE5AB8D-C672-4B9A-A3D0-5FA753F0CA9A}
	EndGlobalSection
EndGlobal
